
Microsoft Visual Studio Solution File, Format Version 12.00
# Visual Studio Version 17
VisualStudioVersion = 17.11.34929.205
MinimumVisualStudioVersion = 10.0.40219.1
Project("{2150E333-8FDC-42A3-9474-1A3956D46DE8}") = "src", "src", "{6D5F1FAE-2388-4BB6-8579-F7BA6021656B}"
EndProject
Project("{2150E333-8FDC-42A3-9474-1A3956D46DE8}") = "Services", "Services", "{311D2A4C-C02D-4DAC-969A-93D77C606326}"
EndProject
Project("{2150E333-8FDC-42A3-9474-1A3956D46DE8}") = "GameService", "GameService", "{93C2D7A4-9D60-4AA7-B49D-C66D42458D57}"
EndProject
Project("{2150E333-8FDC-42A3-9474-1A3956D46DE8}") = "Core", "Core", "{CA9CDB0B-2792-4BEB-8AD7-AB96632D8AAD}"
EndProject
Project("{2150E333-8FDC-42A3-9474-1A3956D46DE8}") = "Infrastructure", "Infrastructure", "{1C545635-C8B1-4812-B245-CB58E73EC786}"
EndProject
Project("{2150E333-8FDC-42A3-9474-1A3956D46DE8}") = "Presentation", "Presentation", "{B712BB9B-7E72-48A6-A3DC-3CC7BA37C190}"
EndProject
Project("{9A19103F-16F7-4668-BE54-9A1E7A4F7556}") = "Game.Domain", "src\Services\GameService\Core\Game.Domain\Game.Domain.csproj", "{030B5D24-51BB-48D7-9765-40E61249EFE8}"
EndProject
Project("{9A19103F-16F7-4668-BE54-9A1E7A4F7556}") = "Game.Application", "src\Services\GameService\Core\Game.Application\Game.Application.csproj", "{EDDDC757-E607-4B0E-9F08-25E20AF4F085}"
EndProject
Project("{9A19103F-16F7-4668-BE54-9A1E7A4F7556}") = "Game.Persistence", "src\Services\GameService\Infrastructure\Game.Persistence\Game.Persistence.csproj", "{5BFC1963-4925-4567-A9FB-EFF15561DAB3}"
EndProject
Project("{9A19103F-16F7-4668-BE54-9A1E7A4F7556}") = "Game.API", "src\Services\GameService\Presentation\Game.API\Game.API.csproj", "{370DF285-B2B8-4921-A7C1-BEF4903E4697}"
EndProject
Project("{2150E333-8FDC-42A3-9474-1A3956D46DE8}") = "SearchService", "SearchService", "{D39A8B40-3405-4F9B-BEF6-8FA040F26116}"
EndProject
Project("{9A19103F-16F7-4668-BE54-9A1E7A4F7556}") = "Search.API", "src\Services\SearchService\Search.API\Search.API.csproj", "{C31564E0-7608-48E3-B915-3D87046A028D}"
EndProject
Project("{2150E333-8FDC-42A3-9474-1A3956D46DE8}") = "Contracts", "Contracts", "{47BC3CEB-AD79-400B-B4B4-23B6C459B9F6}"
EndProject
Project("{9A19103F-16F7-4668-BE54-9A1E7A4F7556}") = "Game.Contracts", "src\Contracts\Game.Contracts\Game.Contracts.csproj", "{B418341B-AC4A-47A3-9AB3-60FA8D2D8893}"
EndProject
Project("{2150E333-8FDC-42A3-9474-1A3956D46DE8}") = "FilterService", "FilterService", "{3B236BFC-A09C-4D63-9CAD-4D834367A9D8}"
EndProject
Project("{9A19103F-16F7-4668-BE54-9A1E7A4F7556}") = "Filter.API", "src\Services\FilterService\Filter.API\Filter.API.csproj", "{3DC50670-8139-4B27-A58B-5D4E958CD639}"
EndProject
Project("{2150E333-8FDC-42A3-9474-1A3956D46DE8}") = "IdentityService", "IdentityService", "{CDCB58C4-0A4F-4246-BB6A-883A92BA6269}"
EndProject
Project("{9A19103F-16F7-4668-BE54-9A1E7A4F7556}") = "IdentityService", "src\Services\IdentityService\IdentityService.csproj", "{2DF5349D-948A-4B78-842E-5038BBAD017B}"
EndProject
Project("{2150E333-8FDC-42A3-9474-1A3956D46DE8}") = "BasketService", "BasketService", "{FB47F60D-AB54-4FBF-ADE3-01106D8EA790}"
EndProject
Project("{9A19103F-16F7-4668-BE54-9A1E7A4F7556}") = "Basket.API", "src\Services\BasketService\Basket.API\Basket.API.csproj", "{D7C254BB-5C10-4B8F-9075-7BC44F46F198}"
EndProject
Project("{2150E333-8FDC-42A3-9474-1A3956D46DE8}") = "OrderService", "OrderService", "{BF193D19-8FAA-4BAF-8526-7A117E4F1DE6}"
EndProject
Project("{2150E333-8FDC-42A3-9474-1A3956D46DE8}") = "Core", "Core", "{2CF72AF1-4B22-43D2-A26A-E795F430D61C}"
EndProject
Project("{2150E333-8FDC-42A3-9474-1A3956D46DE8}") = "Infrastructure", "Infrastructure", "{61A62A2B-6985-4114-8D28-05F2C65FB138}"
EndProject
Project("{2150E333-8FDC-42A3-9474-1A3956D46DE8}") = "Presentation", "Presentation", "{B521CD69-A264-4400-B9FA-F6D971C9CC7B}"
EndProject
Project("{9A19103F-16F7-4668-BE54-9A1E7A4F7556}") = "Order.Domain", "src\Services\OrderService\Core\Order.Domain\Order.Domain.csproj", "{482AC64D-9DF0-42A5-BE82-6A57EDEB2DBD}"
EndProject
Project("{9A19103F-16F7-4668-BE54-9A1E7A4F7556}") = "Order.Application", "src\Services\OrderService\Core\Order.Application\Order.Application.csproj", "{53031ED0-9A18-46C7-8E82-5637F72BEF49}"
EndProject
Project("{9A19103F-16F7-4668-BE54-9A1E7A4F7556}") = "Order.Persistence", "src\Services\OrderService\Infrastructure\Order.Persistence\Order.Persistence.csproj", "{A0BC7260-4A47-4150-804C-99C78FD6A03A}"
EndProject
Project("{9A19103F-16F7-4668-BE54-9A1E7A4F7556}") = "Order.API", "src\Services\OrderService\Presentation\Order.API\Order.API.csproj", "{6236326C-DC37-419B-8568-D541EFDE4806}"
EndProject
Project("{2150E333-8FDC-42A3-9474-1A3956D46DE8}") = "DiscountService", "DiscountService", "{D785BF4A-E149-4781-BFDC-EDC3EF413C85}"
EndProject
Project("{9A19103F-16F7-4668-BE54-9A1E7A4F7556}") = "Discount.API", "src\Services\DiscountService\Discount.API\Discount.API.csproj", "{849E450A-4E79-48D9-A98C-00862559FE52}"
EndProject
Project("{2150E333-8FDC-42A3-9474-1A3956D46DE8}") = "ApiGateways", "ApiGateways", "{19A3C0A2-C9F9-4EEB-879F-48627F96405C}"
EndProject
Project("{9A19103F-16F7-4668-BE54-9A1E7A4F7556}") = "ApiGateway.YARP", "src\ApiGateways\ApiGateway.YARP\ApiGateway.YARP.csproj", "{271CE89B-C951-4884-8A91-4D2554D00531}"
EndProject
Global
	GlobalSection(SolutionConfigurationPlatforms) = preSolution
		Debug|Any CPU = Debug|Any CPU
		Release|Any CPU = Release|Any CPU
	EndGlobalSection
	GlobalSection(ProjectConfigurationPlatforms) = postSolution
		{030B5D24-51BB-48D7-9765-40E61249EFE8}.Debug|Any CPU.ActiveCfg = Debug|Any CPU
		{030B5D24-51BB-48D7-9765-40E61249EFE8}.Debug|Any CPU.Build.0 = Debug|Any CPU
		{030B5D24-51BB-48D7-9765-40E61249EFE8}.Release|Any CPU.ActiveCfg = Release|Any CPU
		{030B5D24-51BB-48D7-9765-40E61249EFE8}.Release|Any CPU.Build.0 = Release|Any CPU
		{EDDDC757-E607-4B0E-9F08-25E20AF4F085}.Debug|Any CPU.ActiveCfg = Debug|Any CPU
		{EDDDC757-E607-4B0E-9F08-25E20AF4F085}.Debug|Any CPU.Build.0 = Debug|Any CPU
		{EDDDC757-E607-4B0E-9F08-25E20AF4F085}.Release|Any CPU.ActiveCfg = Release|Any CPU
		{EDDDC757-E607-4B0E-9F08-25E20AF4F085}.Release|Any CPU.Build.0 = Release|Any CPU
		{5BFC1963-4925-4567-A9FB-EFF15561DAB3}.Debug|Any CPU.ActiveCfg = Debug|Any CPU
		{5BFC1963-4925-4567-A9FB-EFF15561DAB3}.Debug|Any CPU.Build.0 = Debug|Any CPU
		{5BFC1963-4925-4567-A9FB-EFF15561DAB3}.Release|Any CPU.ActiveCfg = Release|Any CPU
		{5BFC1963-4925-4567-A9FB-EFF15561DAB3}.Release|Any CPU.Build.0 = Release|Any CPU
		{370DF285-B2B8-4921-A7C1-BEF4903E4697}.Debug|Any CPU.ActiveCfg = Debug|Any CPU
		{370DF285-B2B8-4921-A7C1-BEF4903E4697}.Debug|Any CPU.Build.0 = Debug|Any CPU
		{370DF285-B2B8-4921-A7C1-BEF4903E4697}.Release|Any CPU.ActiveCfg = Release|Any CPU
		{370DF285-B2B8-4921-A7C1-BEF4903E4697}.Release|Any CPU.Build.0 = Release|Any CPU
		{C31564E0-7608-48E3-B915-3D87046A028D}.Debug|Any CPU.ActiveCfg = Debug|Any CPU
		{C31564E0-7608-48E3-B915-3D87046A028D}.Debug|Any CPU.Build.0 = Debug|Any CPU
		{C31564E0-7608-48E3-B915-3D87046A028D}.Release|Any CPU.ActiveCfg = Release|Any CPU
		{C31564E0-7608-48E3-B915-3D87046A028D}.Release|Any CPU.Build.0 = Release|Any CPU
		{B418341B-AC4A-47A3-9AB3-60FA8D2D8893}.Debug|Any CPU.ActiveCfg = Debug|Any CPU
		{B418341B-AC4A-47A3-9AB3-60FA8D2D8893}.Debug|Any CPU.Build.0 = Debug|Any CPU
		{B418341B-AC4A-47A3-9AB3-60FA8D2D8893}.Release|Any CPU.ActiveCfg = Release|Any CPU
		{B418341B-AC4A-47A3-9AB3-60FA8D2D8893}.Release|Any CPU.Build.0 = Release|Any CPU
		{3DC50670-8139-4B27-A58B-5D4E958CD639}.Debug|Any CPU.ActiveCfg = Debug|Any CPU
		{3DC50670-8139-4B27-A58B-5D4E958CD639}.Debug|Any CPU.Build.0 = Debug|Any CPU
		{3DC50670-8139-4B27-A58B-5D4E958CD639}.Release|Any CPU.ActiveCfg = Release|Any CPU
		{3DC50670-8139-4B27-A58B-5D4E958CD639}.Release|Any CPU.Build.0 = Release|Any CPU
		{2DF5349D-948A-4B78-842E-5038BBAD017B}.Debug|Any CPU.ActiveCfg = Debug|Any CPU
		{2DF5349D-948A-4B78-842E-5038BBAD017B}.Debug|Any CPU.Build.0 = Debug|Any CPU
		{2DF5349D-948A-4B78-842E-5038BBAD017B}.Release|Any CPU.ActiveCfg = Release|Any CPU
		{2DF5349D-948A-4B78-842E-5038BBAD017B}.Release|Any CPU.Build.0 = Release|Any CPU
		{D7C254BB-5C10-4B8F-9075-7BC44F46F198}.Debug|Any CPU.ActiveCfg = Debug|Any CPU
		{D7C254BB-5C10-4B8F-9075-7BC44F46F198}.Debug|Any CPU.Build.0 = Debug|Any CPU
		{D7C254BB-5C10-4B8F-9075-7BC44F46F198}.Release|Any CPU.ActiveCfg = Release|Any CPU
		{D7C254BB-5C10-4B8F-9075-7BC44F46F198}.Release|Any CPU.Build.0 = Release|Any CPU
		{482AC64D-9DF0-42A5-BE82-6A57EDEB2DBD}.Debug|Any CPU.ActiveCfg = Debug|Any CPU
		{482AC64D-9DF0-42A5-BE82-6A57EDEB2DBD}.Debug|Any CPU.Build.0 = Debug|Any CPU
		{482AC64D-9DF0-42A5-BE82-6A57EDEB2DBD}.Release|Any CPU.ActiveCfg = Release|Any CPU
		{482AC64D-9DF0-42A5-BE82-6A57EDEB2DBD}.Release|Any CPU.Build.0 = Release|Any CPU
		{53031ED0-9A18-46C7-8E82-5637F72BEF49}.Debug|Any CPU.ActiveCfg = Debug|Any CPU
		{53031ED0-9A18-46C7-8E82-5637F72BEF49}.Debug|Any CPU.Build.0 = Debug|Any CPU
		{53031ED0-9A18-46C7-8E82-5637F72BEF49}.Release|Any CPU.ActiveCfg = Release|Any CPU
		{53031ED0-9A18-46C7-8E82-5637F72BEF49}.Release|Any CPU.Build.0 = Release|Any CPU
		{A0BC7260-4A47-4150-804C-99C78FD6A03A}.Debug|Any CPU.ActiveCfg = Debug|Any CPU
		{A0BC7260-4A47-4150-804C-99C78FD6A03A}.Debug|Any CPU.Build.0 = Debug|Any CPU
		{A0BC7260-4A47-4150-804C-99C78FD6A03A}.Release|Any CPU.ActiveCfg = Release|Any CPU
		{A0BC7260-4A47-4150-804C-99C78FD6A03A}.Release|Any CPU.Build.0 = Release|Any CPU
		{6236326C-DC37-419B-8568-D541EFDE4806}.Debug|Any CPU.ActiveCfg = Debug|Any CPU
		{6236326C-DC37-419B-8568-D541EFDE4806}.Debug|Any CPU.Build.0 = Debug|Any CPU
		{6236326C-DC37-419B-8568-D541EFDE4806}.Release|Any CPU.ActiveCfg = Release|Any CPU
		{6236326C-DC37-419B-8568-D541EFDE4806}.Release|Any CPU.Build.0 = Release|Any CPU
		{849E450A-4E79-48D9-A98C-00862559FE52}.Debug|Any CPU.ActiveCfg = Debug|Any CPU
		{849E450A-4E79-48D9-A98C-00862559FE52}.Debug|Any CPU.Build.0 = Debug|Any CPU
		{849E450A-4E79-48D9-A98C-00862559FE52}.Release|Any CPU.ActiveCfg = Release|Any CPU
		{849E450A-4E79-48D9-A98C-00862559FE52}.Release|Any CPU.Build.0 = Release|Any CPU
		{271CE89B-C951-4884-8A91-4D2554D00531}.Debug|Any CPU.ActiveCfg = Debug|Any CPU
		{271CE89B-C951-4884-8A91-4D2554D00531}.Debug|Any CPU.Build.0 = Debug|Any CPU
		{271CE89B-C951-4884-8A91-4D2554D00531}.Release|Any CPU.ActiveCfg = Release|Any CPU
		{271CE89B-C951-4884-8A91-4D2554D00531}.Release|Any CPU.Build.0 = Release|Any CPU
	EndGlobalSection
	GlobalSection(SolutionProperties) = preSolution
		HideSolutionNode = FALSE
	EndGlobalSection
	GlobalSection(NestedProjects) = preSolution
		{311D2A4C-C02D-4DAC-969A-93D77C606326} = {6D5F1FAE-2388-4BB6-8579-F7BA6021656B}
		{93C2D7A4-9D60-4AA7-B49D-C66D42458D57} = {311D2A4C-C02D-4DAC-969A-93D77C606326}
		{CA9CDB0B-2792-4BEB-8AD7-AB96632D8AAD} = {93C2D7A4-9D60-4AA7-B49D-C66D42458D57}
		{1C545635-C8B1-4812-B245-CB58E73EC786} = {93C2D7A4-9D60-4AA7-B49D-C66D42458D57}
		{B712BB9B-7E72-48A6-A3DC-3CC7BA37C190} = {93C2D7A4-9D60-4AA7-B49D-C66D42458D57}
		{030B5D24-51BB-48D7-9765-40E61249EFE8} = {CA9CDB0B-2792-4BEB-8AD7-AB96632D8AAD}
		{EDDDC757-E607-4B0E-9F08-25E20AF4F085} = {CA9CDB0B-2792-4BEB-8AD7-AB96632D8AAD}
		{5BFC1963-4925-4567-A9FB-EFF15561DAB3} = {1C545635-C8B1-4812-B245-CB58E73EC786}
		{370DF285-B2B8-4921-A7C1-BEF4903E4697} = {B712BB9B-7E72-48A6-A3DC-3CC7BA37C190}
		{D39A8B40-3405-4F9B-BEF6-8FA040F26116} = {311D2A4C-C02D-4DAC-969A-93D77C606326}
		{C31564E0-7608-48E3-B915-3D87046A028D} = {D39A8B40-3405-4F9B-BEF6-8FA040F26116}
		{47BC3CEB-AD79-400B-B4B4-23B6C459B9F6} = {6D5F1FAE-2388-4BB6-8579-F7BA6021656B}
		{B418341B-AC4A-47A3-9AB3-60FA8D2D8893} = {47BC3CEB-AD79-400B-B4B4-23B6C459B9F6}
		{3B236BFC-A09C-4D63-9CAD-4D834367A9D8} = {311D2A4C-C02D-4DAC-969A-93D77C606326}
		{3DC50670-8139-4B27-A58B-5D4E958CD639} = {3B236BFC-A09C-4D63-9CAD-4D834367A9D8}
		{CDCB58C4-0A4F-4246-BB6A-883A92BA6269} = {311D2A4C-C02D-4DAC-969A-93D77C606326}
		{2DF5349D-948A-4B78-842E-5038BBAD017B} = {CDCB58C4-0A4F-4246-BB6A-883A92BA6269}
		{FB47F60D-AB54-4FBF-ADE3-01106D8EA790} = {311D2A4C-C02D-4DAC-969A-93D77C606326}
		{D7C254BB-5C10-4B8F-9075-7BC44F46F198} = {FB47F60D-AB54-4FBF-ADE3-01106D8EA790}
		{BF193D19-8FAA-4BAF-8526-7A117E4F1DE6} = {311D2A4C-C02D-4DAC-969A-93D77C606326}
		{2CF72AF1-4B22-43D2-A26A-E795F430D61C} = {BF193D19-8FAA-4BAF-8526-7A117E4F1DE6}
		{61A62A2B-6985-4114-8D28-05F2C65FB138} = {BF193D19-8FAA-4BAF-8526-7A117E4F1DE6}
		{B521CD69-A264-4400-B9FA-F6D971C9CC7B} = {BF193D19-8FAA-4BAF-8526-7A117E4F1DE6}
		{482AC64D-9DF0-42A5-BE82-6A57EDEB2DBD} = {2CF72AF1-4B22-43D2-A26A-E795F430D61C}
		{53031ED0-9A18-46C7-8E82-5637F72BEF49} = {2CF72AF1-4B22-43D2-A26A-E795F430D61C}
		{A0BC7260-4A47-4150-804C-99C78FD6A03A} = {61A62A2B-6985-4114-8D28-05F2C65FB138}
		{6236326C-DC37-419B-8568-D541EFDE4806} = {B521CD69-A264-4400-B9FA-F6D971C9CC7B}
		{D785BF4A-E149-4781-BFDC-EDC3EF413C85} = {311D2A4C-C02D-4DAC-969A-93D77C606326}
		{849E450A-4E79-48D9-A98C-00862559FE52} = {D785BF4A-E149-4781-BFDC-EDC3EF413C85}
		{19A3C0A2-C9F9-4EEB-879F-48627F96405C} = {6D5F1FAE-2388-4BB6-8579-F7BA6021656B}
		{271CE89B-C951-4884-8A91-4D2554D00531} = {19A3C0A2-C9F9-4EEB-879F-48627F96405C}
	EndGlobalSection
	GlobalSection(ExtensibilityGlobals) = postSolution
		SolutionGuid = {BFD514E5-BF49-46C9-A732-032E7C0545B6}
	EndGlobalSection
EndGlobal
